// !$*UTF8*$!
{
	archiveVersion = 1;
	classes = {
	};
	objectVersion = 55;
	objects = {

/* Begin PBXBuildFile section */
		4D05C075F2F675E66388BDB1 /* Pods_DogImageApp.framework in Frameworks */ = {isa = PBXBuildFile; fileRef = 45689AB848016B586489FC9D /* Pods_DogImageApp.framework */; };
		F659BEF0291545C5007122E1 /* AppDelegate.swift in Sources */ = {isa = PBXBuildFile; fileRef = F659BEEF291545C5007122E1 /* AppDelegate.swift */; };
		F659BEF2291545C5007122E1 /* SceneDelegate.swift in Sources */ = {isa = PBXBuildFile; fileRef = F659BEF1291545C5007122E1 /* SceneDelegate.swift */; };
		F659BEF4291545C5007122E1 /* ViewController.swift in Sources */ = {isa = PBXBuildFile; fileRef = F659BEF3291545C5007122E1 /* ViewController.swift */; };
		F659BEF7291545C5007122E1 /* Main.storyboard in Resources */ = {isa = PBXBuildFile; fileRef = F659BEF5291545C5007122E1 /* Main.storyboard */; };
		F659BEF9291545CA007122E1 /* Assets.xcassets in Resources */ = {isa = PBXBuildFile; fileRef = F659BEF8291545CA007122E1 /* Assets.xcassets */; };
		F659BEFC291545CA007122E1 /* LaunchScreen.storyboard in Resources */ = {isa = PBXBuildFile; fileRef = F659BEFA291545CA007122E1 /* LaunchScreen.storyboard */; };
		F659BF0429154C7D007122E1 /* Constants.swift in Sources */ = {isa = PBXBuildFile; fileRef = F659BF0329154C7D007122E1 /* Constants.swift */; };
/* End PBXBuildFile section */

/* Begin PBXFileReference section */
		0186256BA28F520321635634 /* Pods-DogImageApp.debug.xcconfig */ = {isa = PBXFileReference; includeInIndex = 1; lastKnownFileType = text.xcconfig; name = "Pods-DogImageApp.debug.xcconfig"; path = "Target Support Files/Pods-DogImageApp/Pods-DogImageApp.debug.xcconfig"; sourceTree = "<group>"; };
		103FD75647597E30EA99F093 /* Pods-DogImageApp.release.xcconfig */ = {isa = PBXFileReference; includeInIndex = 1; lastKnownFileType = text.xcconfig; name = "Pods-DogImageApp.release.xcconfig"; path = "Target Support Files/Pods-DogImageApp/Pods-DogImageApp.release.xcconfig"; sourceTree = "<group>"; };
		45689AB848016B586489FC9D /* Pods_DogImageApp.framework */ = {isa = PBXFileReference; explicitFileType = wrapper.framework; includeInIndex = 0; path = Pods_DogImageApp.framework; sourceTree = BUILT_PRODUCTS_DIR; };
		F659BEEC291545C5007122E1 /* DogImageApp.app */ = {isa = PBXFileReference; explicitFileType = wrapper.application; includeInIndex = 0; path = DogImageApp.app; sourceTree = BUILT_PRODUCTS_DIR; };
		F659BEEF291545C5007122E1 /* AppDelegate.swift */ = {isa = PBXFileReference; lastKnownFileType = sourcecode.swift; path = AppDelegate.swift; sourceTree = "<group>"; };
		F659BEF1291545C5007122E1 /* SceneDelegate.swift */ = {isa = PBXFileReference; lastKnownFileType = sourcecode.swift; path = SceneDelegate.swift; sourceTree = "<group>"; };
		F659BEF3291545C5007122E1 /* ViewController.swift */ = {isa = PBXFileReference; lastKnownFileType = sourcecode.swift; path = ViewController.swift; sourceTree = "<group>"; };
		F659BEF6291545C5007122E1 /* Base */ = {isa = PBXFileReference; lastKnownFileType = file.storyboard; name = Base; path = Base.lproj/Main.storyboard; sourceTree = "<group>"; };
		F659BEF8291545CA007122E1 /* Assets.xcassets */ = {isa = PBXFileReference; lastKnownFileType = folder.assetcatalog; path = Assets.xcassets; sourceTree = "<group>"; };
		F659BEFB291545CA007122E1 /* Base */ = {isa = PBXFileReference; lastKnownFileType = file.storyboard; name = Base; path = Base.lproj/LaunchScreen.storyboard; sourceTree = "<group>"; };
		F659BEFD291545CA007122E1 /* Info.plist */ = {isa = PBXFileReference; lastKnownFileType = text.plist.xml; path = Info.plist; sourceTree = "<group>"; };
		F659BF0329154C7D007122E1 /* Constants.swift */ = {isa = PBXFileReference; lastKnownFileType = sourcecode.swift; path = Constants.swift; sourceTree = "<group>"; };
/* End PBXFileReference section */

/* Begin PBXFrameworksBuildPhase section */
		F659BEE9291545C5007122E1 /* Frameworks */ = {
			isa = PBXFrameworksBuildPhase;
			buildActionMask = 2147483647;
			files = (
				4D05C075F2F675E66388BDB1 /* Pods_DogImageApp.framework in Frameworks */,
			);
			runOnlyForDeploymentPostprocessing = 0;
		};
/* End PBXFrameworksBuildPhase section */

/* Begin PBXGroup section */
		D5CE4BF1E9CCC35EC1FDD687 /* Pods */ = {
			isa = PBXGroup;
			children = (
				0186256BA28F520321635634 /* Pods-DogImageApp.debug.xcconfig */,
				103FD75647597E30EA99F093 /* Pods-DogImageApp.release.xcconfig */,
			);
			name = Pods;
			path = Pods;
			sourceTree = "<group>";
		};
		EFB7DBF81A3DE774701F9C1D /* Frameworks */ = {
			isa = PBXGroup;
			children = (
				45689AB848016B586489FC9D /* Pods_DogImageApp.framework */,
			);
			name = Frameworks;
			sourceTree = "<group>";
		};
		F659BEE3291545C5007122E1 = {
			isa = PBXGroup;
			children = (
				F659BEEE291545C5007122E1 /* DogImageApp */,
				F659BEED291545C5007122E1 /* Products */,
				D5CE4BF1E9CCC35EC1FDD687 /* Pods */,
				EFB7DBF81A3DE774701F9C1D /* Frameworks */,
			);
			sourceTree = "<group>";
		};
		F659BEED291545C5007122E1 /* Products */ = {
			isa = PBXGroup;
			children = (
				F659BEEC291545C5007122E1 /* DogImageApp.app */,
			);
			name = Products;
			sourceTree = "<group>";
		};
		F659BEEE291545C5007122E1 /* DogImageApp */ = {
			isa = PBXGroup;
			children = (
				F659BEEF291545C5007122E1 /* AppDelegate.swift */,
				F659BEF1291545C5007122E1 /* SceneDelegate.swift */,
				F659BEF3291545C5007122E1 /* ViewController.swift */,
				F659BF0329154C7D007122E1 /* Constants.swift */,
				F659BEF5291545C5007122E1 /* Main.storyboard */,
				F659BEF8291545CA007122E1 /* Assets.xcassets */,
				F659BEFA291545CA007122E1 /* LaunchScreen.storyboard */,
				F659BEFD291545CA007122E1 /* Info.plist */,
			);
			path = DogImageApp;
			sourceTree = "<group>";
		};
/* End PBXGroup section */

/* Begin PBXNativeTarget section */
		F659BEEB291545C5007122E1 /* DogImageApp */ = {
			isa = PBXNativeTarget;
			buildConfigurationList = F659BF00291545CA007122E1 /* Build configuration list for PBXNativeTarget "DogImageApp" */;
			buildPhases = (
				D7BF0F07D66C15FA89518E33 /* [CP] Check Pods Manifest.lock */,
				F659BEE8291545C5007122E1 /* Sources */,
				F659BEE9291545C5007122E1 /* Frameworks */,
				F659BEEA291545C5007122E1 /* Resources */,
				2F752B6C0F1254C97E4A8237 /* [CP] Embed Pods Frameworks */,
			);
			buildRules = (
			);
			dependencies = (
			);
			name = DogImageApp;
			productName = DogImageApp;
			productReference = F659BEEC291545C5007122E1 /* DogImageApp.app */;
			productType = "com.apple.product-type.application";
		};
/* End PBXNativeTarget section */

/* Begin PBXProject section */
		F659BEE4291545C5007122E1 /* Project object */ = {
			isa = PBXProject;
			attributes = {
				BuildIndependentTargetsInParallel = 1;
				LastSwiftUpdateCheck = 1400;
				LastUpgradeCheck = 1400;
				ORGANIZATIONNAME = "";
				TargetAttributes = {
					F659BEEB291545C5007122E1 = {
						CreatedOnToolsVersion = 14.0.1;
					};
				};
			};
			buildConfigurationList = F659BEE7291545C5007122E1 /* Build configuration list for PBXProject "DogImageApp" */;
			compatibilityVersion = "Xcode 13.0";
			developmentRegion = en;
			hasScannedForEncodings = 0;
			knownRegions = (
				en,
				Base,
			);
			mainGroup = F659BEE3291545C5007122E1;
			productRefGroup = F659BEED291545C5007122E1 /* Products */;
			projectDirPath = "";
			projectRoot = "";
			targets = (
				F659BEEB291545C5007122E1 /* DogImageApp */,
			);
		};
/* End PBXProject section */

/* Begin PBXResourcesBuildPhase section */
		F659BEEA291545C5007122E1 /* Resources */ = {
			isa = PBXResourcesBuildPhase;
			buildActionMask = 2147483647;
			files = (
				F659BEFC291545CA007122E1 /* LaunchScreen.storyboard in Resources */,
				F659BEF9291545CA007122E1 /* Assets.xcassets in Resources */,
				F659BEF7291545C5007122E1 /* Main.storyboard in Resources */,
			);
			runOnlyForDeploymentPostprocessing = 0;
		};
/* End PBXResourcesBuildPhase section */

/* Begin PBXShellScriptBuildPhase section */
		2F752B6C0F1254C97E4A8237 /* [CP] Embed Pods Frameworks */ = {
			isa = PBXShellScriptBuildPhase;
			buildActionMask = 2147483647;
			files = (
			);
			inputFileListPaths = (
				"${PODS_ROOT}/Target Support Files/Pods-DogImageApp/Pods-DogImageApp-frameworks-${CONFIGURATION}-input-files.xcfilelist",
			);
			name = "[CP] Embed Pods Frameworks";
			outputFileListPaths = (
				"${PODS_ROOT}/Target Support Files/Pods-DogImageApp/Pods-DogImageApp-frameworks-${CONFIGURATION}-output-files.xcfilelist",
			);
			runOnlyForDeploymentPostprocessing = 0;
			shellPath = /bin/sh;
			shellScript = "\"${PODS_ROOT}/Target Support Files/Pods-DogImageApp/Pods-DogImageApp-frameworks.sh\"\n";
			showEnvVarsInLog = 0;
		};
		D7BF0F07D66C15FA89518E33 /* [CP] Check Pods Manifest.lock */ = {
			isa = PBXShellScriptBuildPhase;
			buildActionMask = 2147483647;
			files = (
			);
			inputFileListPaths = (
			);
			inputPaths = (
				"${PODS_PODFILE_DIR_PATH}/Podfile.lock",
				"${PODS_ROOT}/Manifest.lock",
			);
			name = "[CP] Check Pods Manifest.lock";
			outputFileListPaths = (
			);
			outputPaths = (
				"$(DERIVED_FILE_DIR)/Pods-DogImageApp-checkManifestLockResult.txt",
			);
			runOnlyForDeploymentPostprocessing = 0;
			shellPath = /bin/sh;
			shellScript = "diff \"${PODS_PODFILE_DIR_PATH}/Podfile.lock\" \"${PODS_ROOT}/Manifest.lock\" > /dev/null\nif [ $? != 0 ] ; then\n    # print error to STDERR\n    echo \"error: The sandbox is not in sync with the Podfile.lock. Run 'pod install' or update your CocoaPods installation.\" >&2\n    exit 1\nfi\n# This output is used by Xcode 'outputs' to avoid re-running this script phase.\necho \"SUCCESS\" > \"${SCRIPT_OUTPUT_FILE_0}\"\n";
			showEnvVarsInLog = 0;
		};
/* End PBXShellScriptBuildPhase section */

/* Begin PBXSourcesBuildPhase section */
		F659BEE8291545C5007122E1 /* Sources */ = {
			isa = PBXSourcesBuildPhase;
			buildActionMask = 2147483647;
			files = (
				F659BEF4291545C5007122E1 /* ViewController.swift in Sources */,
				F659BEF0291545C5007122E1 /* AppDelegate.swift in Sources */,
				F659BEF2291545C5007122E1 /* SceneDelegate.swift in Sources */,
				F659BF0429154C7D007122E1 /* Constants.swift in Sources */,
			);
			runOnlyForDeploymentPostprocessing = 0;
		};
/* End PBXSourcesBuildPhase section */

/* Begin PBXVariantGroup section */
		F659BEF5291545C5007122E1 /* Main.storyboard */ = {
			isa = PBXVariantGroup;
			children = (
				F659BEF6291545C5007122E1 /* Base */,
			);
			name = Main.storyboard;
			sourceTree = "<group>";
		};
		F659BEFA291545CA007122E1 /* LaunchScreen.storyboard */ = {
			isa = PBXVariantGroup;
			children = (
				F659BEFB291545CA007122E1 /* Base */,
			);
			name = LaunchScreen.storyboard;
			sourceTree = "<group>";
		};
/* End PBXVariantGroup section */

/* Begin XCBuildConfiguration section */
		F659BEFE291545CA007122E1 /* Debug */ = {
			isa = XCBuildConfiguration;
			buildSettings = {
				ALWAYS_SEARCH_USER_PATHS = NO;
				CLANG_ANALYZER_NONNULL = YES;
				CLANG_ANALYZER_NUMBER_OBJECT_CONVERSION = YES_AGGRESSIVE;
				CLANG_CXX_LANGUAGE_STANDARD = "gnu++20";
				CLANG_ENABLE_MODULES = YES;
				CLANG_ENABLE_OBJC_ARC = YES;
				CLANG_ENABLE_OBJC_WEAK = YES;
				CLANG_WARN_BLOCK_CAPTURE_AUTORELEASING = YES;
				CLANG_WARN_BOOL_CONVERSION = YES;
				CLANG_WARN_COMMA = YES;
				CLANG_WARN_CONSTANT_CONVERSION = YES;
				CLANG_WARN_DEPRECATED_OBJC_IMPLEMENTATIONS = YES;
				CLANG_WARN_DIRECT_OBJC_ISA_USAGE = YES_ERROR;
				CLANG_WARN_DOCUMENTATION_COMMENTS = YES;
				CLANG_WARN_EMPTY_BODY = YES;
				CLANG_WARN_ENUM_CONVERSION = YES;
				CLANG_WARN_INFINITE_RECURSION = YES;
				CLANG_WARN_INT_CONVERSION = YES;
				CLANG_WARN_NON_LITERAL_NULL_CONVERSION = YES;
				CLANG_WARN_OBJC_IMPLICIT_RETAIN_SELF = YES;
				CLANG_WARN_OBJC_LITERAL_CONVERSION = YES;
				CLANG_WARN_OBJC_ROOT_CLASS = YES_ERROR;
				CLANG_WARN_QUOTED_INCLUDE_IN_FRAMEWORK_HEADER = YES;
				CLANG_WARN_RANGE_LOOP_ANALYSIS = YES;
				CLANG_WARN_STRICT_PROTOTYPES = YES;
				CLANG_WARN_SUSPICIOUS_MOVE = YES;
				CLANG_WARN_UNGUARDED_AVAILABILITY = YES_AGGRESSIVE;
				CLANG_WARN_UNREACHABLE_CODE = YES;
				CLANG_WARN__DUPLICATE_METHOD_MATCH = YES;
				COPY_PHASE_STRIP = NO;
				DEBUG_INFORMATION_FORMAT = dwarf;
				ENABLE_STRICT_OBJC_MSGSEND = YES;
				ENABLE_TESTABILITY = YES;
				GCC_C_LANGUAGE_STANDARD = gnu11;
				GCC_DYNAMIC_NO_PIC = NO;
				GCC_NO_COMMON_BLOCKS = YES;
				GCC_OPTIMIZATION_LEVEL = 0;
				GCC_PREPROCESSOR_DEFINITIONS = (
					"DEBUG=1",
					"$(inherited)",
				);
				GCC_WARN_64_TO_32_BIT_CONVERSION = YES;
				GCC_WARN_ABOUT_RETURN_TYPE = YES_ERROR;
				GCC_WARN_UNDECLARED_SELECTOR = YES;
				GCC_WARN_UNINITIALIZED_AUTOS = YES_AGGRESSIVE;
				GCC_WARN_UNUSED_FUNCTION = YES;
				GCC_WARN_UNUSED_VARIABLE = YES;
				IPHONEOS_DEPLOYMENT_TARGET = 16.0;
				MTL_ENABLE_DEBUG_INFO = INCLUDE_SOURCE;
				MTL_FAST_MATH = YES;
				ONLY_ACTIVE_ARCH = YES;
				SDKROOT = iphoneos;
				SWIFT_ACTIVE_COMPILATION_CONDITIONS = DEBUG;
				SWIFT_OPTIMIZATION_LEVEL = "-Onone";
			};
			name = Debug;
		};
		F659BEFF291545CA007122E1 /* Release */ = {
			isa = XCBuildConfiguration;
			buildSettings = {
				ALWAYS_SEARCH_USER_PATHS = NO;
				CLANG_ANALYZER_NONNULL = YES;
				CLANG_ANALYZER_NUMBER_OBJECT_CONVERSION = YES_AGGRESSIVE;
				CLANG_CXX_LANGUAGE_STANDARD = "gnu++20";
				CLANG_ENABLE_MODULES = YES;
				CLANG_ENABLE_OBJC_ARC = YES;
				CLANG_ENABLE_OBJC_WEAK = YES;
				CLANG_WARN_BLOCK_CAPTURE_AUTORELEASING = YES;
				CLANG_WARN_BOOL_CONVERSION = YES;
				CLANG_WARN_COMMA = YES;
				CLANG_WARN_CONSTANT_CONVERSION = YES;
				CLANG_WARN_DEPRECATED_OBJC_IMPLEMENTATIONS = YES;
				CLANG_WARN_DIRECT_OBJC_ISA_USAGE = YES_ERROR;
				CLANG_WARN_DOCUMENTATION_COMMENTS = YES;
				CLANG_WARN_EMPTY_BODY = YES;
				CLANG_WARN_ENUM_CONVERSION = YES;
				CLANG_WARN_INFINITE_RECURSION = YES;
				CLANG_WARN_INT_CONVERSION = YES;
				CLANG_WARN_NON_LITERAL_NULL_CONVERSION = YES;
				CLANG_WARN_OBJC_IMPLICIT_RETAIN_SELF = YES;
				CLANG_WARN_OBJC_LITERAL_CONVERSION = YES;
				CLANG_WARN_OBJC_ROOT_CLASS = YES_ERROR;
				CLANG_WARN_QUOTED_INCLUDE_IN_FRAMEWORK_HEADER = YES;
				CLANG_WARN_RANGE_LOOP_ANALYSIS = YES;
				CLANG_WARN_STRICT_PROTOTYPES = YES;
				CLANG_WARN_SUSPICIOUS_MOVE = YES;
				CLANG_WARN_UNGUARDED_AVAILABILITY = YES_AGGRESSIVE;
				CLANG_WARN_UNREACHABLE_CODE = YES;
				CLANG_WARN__DUPLICATE_METHOD_MATCH = YES;
				COPY_PHASE_STRIP = NO;
				DEBUG_INFORMATION_FORMAT = "dwarf-with-dsym";
				ENABLE_NS_ASSERTIONS = NO;
				ENABLE_STRICT_OBJC_MSGSEND = YES;
				GCC_C_LANGUAGE_STANDARD = gnu11;
				GCC_NO_COMMON_BLOCKS = YES;
				GCC_WARN_64_TO_32_BIT_CONVERSION = YES;
				GCC_WARN_ABOUT_RETURN_TYPE = YES_ERROR;
				GCC_WARN_UNDECLARED_SELECTOR = YES;
				GCC_WARN_UNINITIALIZED_AUTOS = YES_AGGRESSIVE;
				GCC_WARN_UNUSED_FUNCTION = YES;
				GCC_WARN_UNUSED_VARIABLE = YES;
				IPHONEOS_DEPLOYMENT_TARGET = 16.0;
				MTL_ENABLE_DEBUG_INFO = NO;
				MTL_FAST_MATH = YES;
				SDKROOT = iphoneos;
				SWIFT_COMPILATION_MODE = wholemodule;
				SWIFT_OPTIMIZATION_LEVEL = "-O";
				VALIDATE_PRODUCT = YES;
			};
			name = Release;
		};
		F659BF01291545CA007122E1 /* Debug */ = {
			isa = XCBuildConfiguration;
			baseConfigurationReference = 0186256BA28F520321635634 /* Pods-DogImageApp.debug.xcconfig */;
			buildSettings = {
				ASSETCATALOG_COMPILER_APPICON_NAME = AppIcon;
				ASSETCATALOG_COMPILER_GLOBAL_ACCENT_COLOR_NAME = AccentColor;
				CODE_SIGN_STYLE = Automatic;
				CURRENT_PROJECT_VERSION = 1;
				DEVELOPMENT_TEAM = 6RCJBHM4YP;
				GENERATE_INFOPLIST_FILE = YES;
				INFOPLIST_FILE = DogImageApp/Info.plist;
				INFOPLIST_KEY_UIApplicationSupportsIndirectInputEvents = YES;
				INFOPLIST_KEY_UILaunchStoryboardName = LaunchScreen;
				INFOPLIST_KEY_UIMainStoryboardFile = Main;
				INFOPLIST_KEY_UISupportedInterfaceOrientations_iPad = "UIInterfaceOrientationPortrait UIInterfaceOrientationPortraitUpsideDown UIInterfaceOrientationLandscapeLeft UIInterfaceOrientationLandscapeRight";
				INFOPLIST_KEY_UISupportedInterfaceOrientations_iPhone = "UIInterfaceOrientationPortrait UIInterfaceOrientationLandscapeLeft UIInterfaceOrientationLandscapeRight";
				LD_RUNPATH_SEARCH_PATHS = (
					"$(inherited)",
					"@executable_path/Frameworks",
				);
				MARKETING_VERSION = 1.0;
				PRODUCT_BUNDLE_IDENTIFIER = com.masa.DogImageApp;
				PRODUCT_NAME = "$(TARGET_NAME)";
				SWIFT_EMIT_LOC_STRINGS = YES;
				SWIFT_VERSION = 5.0;
				TARGETED_DEVICE_FAMILY = "1,2";
			};
			name = Debug;
		};
		F659BF02291545CA007122E1 /* Release */ = {
			isa = XCBuildConfiguration;
			baseConfigurationReference = 103FD75647597E30EA99F093 /* Pods-DogImageApp.release.xcconfig */;
			buildSettings = {
				ASSETCATALOG_COMPILER_APPICON_NAME = AppIcon;
				ASSETCATALOG_COMPILER_GLOBAL_ACCENT_COLOR_NAME = AccentColor;
				CODE_SIGN_STYLE = Automatic;
				CURRENT_PROJECT_VERSION = 1;
				DEVELOPMENT_TEAM = 6RCJBHM4YP;
				GENERATE_INFOPLIST_FILE = YES;
				INFOPLIST_FILE = DogImageApp/Info.plist;
				INFOPLIST_KEY_UIApplicationSupportsIndirectInputEvents = YES;
				INFOPLIST_KEY_UILaunchStoryboardName = LaunchScreen;
				INFOPLIST_KEY_UIMainStoryboardFile = Main;
				INFOPLIST_KEY_UISupportedInterfaceOrientations_iPad = "UIInterfaceOrientationPortrait UIInterfaceOrientationPortraitUpsideDown UIInterfaceOrientationLandscapeLeft UIInterfaceOrientationLandscapeRight";
				INFOPLIST_KEY_UISupportedInterfaceOrientations_iPhone = "UIInterfaceOrientationPortrait UIInterfaceOrientationLandscapeLeft UIInterfaceOrientationLandscapeRight";
				LD_RUNPATH_SEARCH_PATHS = (
					"$(inherited)",
					"@executable_path/Frameworks",
				);
				MARKETING_VERSION = 1.0;
				PRODUCT_BUNDLE_IDENTIFIER = com.masa.DogImageApp;
				PRODUCT_NAME = "$(TARGET_NAME)";
				SWIFT_EMIT_LOC_STRINGS = YES;
				SWIFT_VERSION = 5.0;
				TARGETED_DEVICE_FAMILY = "1,2";
			};
			name = Release;
		};
/* End XCBuildConfiguration section */

/* Begin XCConfigurationList section */
		F659BEE7291545C5007122E1 /* Build configuration list for PBXProject "DogImageApp" */ = {
			isa = XCConfigurationList;
			buildConfigurations = (
				F659BEFE291545CA007122E1 /* Debug */,
				F659BEFF291545CA007122E1 /* Release */,
			);
			defaultConfigurationIsVisible = 0;
			defaultConfigurationName = Release;
		};
		F659BF00291545CA007122E1 /* Build configuration list for PBXNativeTarget "DogImageApp" */ = {
			isa = XCConfigurationList;
			buildConfigurations = (
				F659BF01291545CA007122E1 /* Debug */,
				F659BF02291545CA007122E1 /* Release */,
			);
			defaultConfigurationIsVisible = 0;
			defaultConfigurationName = Release;
		};
/* End XCConfigurationList section */
	};
	rootObject = F659BEE4291545C5007122E1 /* Project object */;
}
